
Microsoft Visual Studio Solution File, Format Version 12.00
# Visual Studio Version 16
VisualStudioVersion = 16.0.32002.261
MinimumVisualStudioVersion = 10.0.40219.1
Project("{FAE04EC0-301F-11D3-BF4B-00C04F79EFBC}") = "SerialCSharp", "SerialCSharp\SerialCSharp.csproj", "{254B210C-9933-48C3-AFB0-B2F5255827A3}"
EndProject
Global
	GlobalSection(SolutionConfigurationPlatforms) = preSolution
		Debug|Any CPU = Debug|Any CPU
		Release|Any CPU = Release|Any CPU
	EndGlobalSection
	GlobalSection(ProjectConfigurationPlatforms) = postSolution
		{254B210C-9933-48C3-AFB0-B2F5255827A3}.Debug|Any CPU.ActiveCfg = Debug|Any CPU
		{254B210C-9933-48C3-AFB0-B2F5255827A3}.Debug|Any CPU.Build.0 = Debug|Any CPU
		{254B210C-9933-48C3-AFB0-B2F5255827A3}.Release|Any CPU.ActiveCfg = Release|Any CPU
		{254B210C-9933-48C3-AFB0-B2F5255827A3}.Release|Any CPU.Build.0 = Release|Any CPU
	EndGlobalSection
	GlobalSection(SolutionProperties) = preSolution
		HideSolutionNode = FALSE
	EndGlobalSection
	GlobalSection(ExtensibilityGlobals) = postSolution
		SolutionGuid = {41F9983F-F40E-4B93-870E-9F2595147A13}
	EndGlobalSection
EndGlobal
